
Microsoft Visual Studio Solution File, Format Version 12.00
# Visual Studio Version 17
VisualStudioVersion = 17.0.31912.275
MinimumVisualStudioVersion = 10.0.40219.1
Project("{9A19103F-16F7-4668-BE54-9A1E7A4F7556}") = "Puzzle1", "Puzzle1\Puzzle1.csproj", "{918EF79C-A658-4403-8E03-2558144B3B65}"
EndProject
Project("{9A19103F-16F7-4668-BE54-9A1E7A4F7556}") = "Puzzle2", "Puzzle2\Puzzle2.csproj", "{767B7165-B60D-4E24-8688-5013EDECD764}"
EndProject
Project("{9A19103F-16F7-4668-BE54-9A1E7A4F7556}") = "Puzzle3", "Puzzle3\Puzzle3.csproj", "{CC1F4E8C-25FD-4E4B-BD0C-7838253079A3}"
EndProject
Project("{9A19103F-16F7-4668-BE54-9A1E7A4F7556}") = "Puzzle4", "Puzzle4\Puzzle4.csproj", "{0F7D0FC0-CC0E-44D8-8101-4B4CAFB6EAD6}"
EndProject
Project("{9A19103F-16F7-4668-BE54-9A1E7A4F7556}") = "Puzzle5", "Puzzle5\Puzzle5.csproj", "{F81808C2-B737-4635-ACD2-218BB69D5B7C}"
EndProject
Project("{9A19103F-16F7-4668-BE54-9A1E7A4F7556}") = "Puzzle6", "Puzzle6\Puzzle6.csproj", "{CAF0342E-ED56-41C9-8BCC-6177455772F0}"
EndProject
Project("{9A19103F-16F7-4668-BE54-9A1E7A4F7556}") = "Puzzle7", "Puzzle7\Puzzle7.csproj", "{16239FBB-C6C3-4BBB-81EE-D6598490ECE6}"
EndProject
Project("{9A19103F-16F7-4668-BE54-9A1E7A4F7556}") = "Puzzle8", "Puzzle8\Puzzle8.csproj", "{F9A81DBE-DD36-4C90-B54F-9E4F1C8667C5}"
EndProject
Project("{9A19103F-16F7-4668-BE54-9A1E7A4F7556}") = "Puzzle9", "Puzzle9\Puzzle9.csproj", "{E13FCFD4-7491-411C-AD95-D1F28FF57F29}"
EndProject
Project("{9A19103F-16F7-4668-BE54-9A1E7A4F7556}") = "Puzzle10", "Puzzle10\Puzzle10.csproj", "{ECA4276C-16D1-4A85-99FB-8E93E64225CD}"
EndProject
Project("{9A19103F-16F7-4668-BE54-9A1E7A4F7556}") = "Puzzle11", "Puzzle11\Puzzle11.csproj", "{481B592F-5B69-403C-AD41-217EAB11074F}"
EndProject
Project("{FAE04EC0-301F-11D3-BF4B-00C04F79EFBC}") = "Puzzle13", "Puzzle13\Puzzle13.csproj", "{32CE4218-663C-4E5D-A429-7CF0FAE98B67}"
EndProject
Global
	GlobalSection(SolutionConfigurationPlatforms) = preSolution
		Debug|Any CPU = Debug|Any CPU
		Release|Any CPU = Release|Any CPU
	EndGlobalSection
	GlobalSection(ProjectConfigurationPlatforms) = postSolution
		{918EF79C-A658-4403-8E03-2558144B3B65}.Debug|Any CPU.ActiveCfg = Debug|Any CPU
		{918EF79C-A658-4403-8E03-2558144B3B65}.Debug|Any CPU.Build.0 = Debug|Any CPU
		{918EF79C-A658-4403-8E03-2558144B3B65}.Release|Any CPU.ActiveCfg = Release|Any CPU
		{918EF79C-A658-4403-8E03-2558144B3B65}.Release|Any CPU.Build.0 = Release|Any CPU
		{767B7165-B60D-4E24-8688-5013EDECD764}.Debug|Any CPU.ActiveCfg = Debug|Any CPU
		{767B7165-B60D-4E24-8688-5013EDECD764}.Debug|Any CPU.Build.0 = Debug|Any CPU
		{767B7165-B60D-4E24-8688-5013EDECD764}.Release|Any CPU.ActiveCfg = Release|Any CPU
		{767B7165-B60D-4E24-8688-5013EDECD764}.Release|Any CPU.Build.0 = Release|Any CPU
		{CC1F4E8C-25FD-4E4B-BD0C-7838253079A3}.Debug|Any CPU.ActiveCfg = Debug|Any CPU
		{CC1F4E8C-25FD-4E4B-BD0C-7838253079A3}.Debug|Any CPU.Build.0 = Debug|Any CPU
		{CC1F4E8C-25FD-4E4B-BD0C-7838253079A3}.Release|Any CPU.ActiveCfg = Release|Any CPU
		{CC1F4E8C-25FD-4E4B-BD0C-7838253079A3}.Release|Any CPU.Build.0 = Release|Any CPU
		{0F7D0FC0-CC0E-44D8-8101-4B4CAFB6EAD6}.Debug|Any CPU.ActiveCfg = Debug|Any CPU
		{0F7D0FC0-CC0E-44D8-8101-4B4CAFB6EAD6}.Debug|Any CPU.Build.0 = Debug|Any CPU
		{0F7D0FC0-CC0E-44D8-8101-4B4CAFB6EAD6}.Release|Any CPU.ActiveCfg = Release|Any CPU
		{0F7D0FC0-CC0E-44D8-8101-4B4CAFB6EAD6}.Release|Any CPU.Build.0 = Release|Any CPU
		{F81808C2-B737-4635-ACD2-218BB69D5B7C}.Debug|Any CPU.ActiveCfg = Debug|Any CPU
		{F81808C2-B737-4635-ACD2-218BB69D5B7C}.Debug|Any CPU.Build.0 = Debug|Any CPU
		{F81808C2-B737-4635-ACD2-218BB69D5B7C}.Release|Any CPU.ActiveCfg = Release|Any CPU
		{F81808C2-B737-4635-ACD2-218BB69D5B7C}.Release|Any CPU.Build.0 = Release|Any CPU
		{CAF0342E-ED56-41C9-8BCC-6177455772F0}.Debug|Any CPU.ActiveCfg = Debug|Any CPU
		{CAF0342E-ED56-41C9-8BCC-6177455772F0}.Debug|Any CPU.Build.0 = Debug|Any CPU
		{CAF0342E-ED56-41C9-8BCC-6177455772F0}.Release|Any CPU.ActiveCfg = Release|Any CPU
		{CAF0342E-ED56-41C9-8BCC-6177455772F0}.Release|Any CPU.Build.0 = Release|Any CPU
		{16239FBB-C6C3-4BBB-81EE-D6598490ECE6}.Debug|Any CPU.ActiveCfg = Debug|Any CPU
		{16239FBB-C6C3-4BBB-81EE-D6598490ECE6}.Debug|Any CPU.Build.0 = Debug|Any CPU
		{16239FBB-C6C3-4BBB-81EE-D6598490ECE6}.Release|Any CPU.ActiveCfg = Release|Any CPU
		{16239FBB-C6C3-4BBB-81EE-D6598490ECE6}.Release|Any CPU.Build.0 = Release|Any CPU
		{F9A81DBE-DD36-4C90-B54F-9E4F1C8667C5}.Debug|Any CPU.ActiveCfg = Debug|Any CPU
		{F9A81DBE-DD36-4C90-B54F-9E4F1C8667C5}.Debug|Any CPU.Build.0 = Debug|Any CPU
		{F9A81DBE-DD36-4C90-B54F-9E4F1C8667C5}.Release|Any CPU.ActiveCfg = Release|Any CPU
		{F9A81DBE-DD36-4C90-B54F-9E4F1C8667C5}.Release|Any CPU.Build.0 = Release|Any CPU
		{E13FCFD4-7491-411C-AD95-D1F28FF57F29}.Debug|Any CPU.ActiveCfg = Debug|Any CPU
		{E13FCFD4-7491-411C-AD95-D1F28FF57F29}.Debug|Any CPU.Build.0 = Debug|Any CPU
		{E13FCFD4-7491-411C-AD95-D1F28FF57F29}.Release|Any CPU.ActiveCfg = Release|Any CPU
		{E13FCFD4-7491-411C-AD95-D1F28FF57F29}.Release|Any CPU.Build.0 = Release|Any CPU
		{ECA4276C-16D1-4A85-99FB-8E93E64225CD}.Debug|Any CPU.ActiveCfg = Debug|Any CPU
		{ECA4276C-16D1-4A85-99FB-8E93E64225CD}.Debug|Any CPU.Build.0 = Debug|Any CPU
		{ECA4276C-16D1-4A85-99FB-8E93E64225CD}.Release|Any CPU.ActiveCfg = Release|Any CPU
		{ECA4276C-16D1-4A85-99FB-8E93E64225CD}.Release|Any CPU.Build.0 = Release|Any CPU
		{481B592F-5B69-403C-AD41-217EAB11074F}.Debug|Any CPU.ActiveCfg = Debug|Any CPU
		{481B592F-5B69-403C-AD41-217EAB11074F}.Debug|Any CPU.Build.0 = Debug|Any CPU
		{481B592F-5B69-403C-AD41-217EAB11074F}.Release|Any CPU.ActiveCfg = Release|Any CPU
		{481B592F-5B69-403C-AD41-217EAB11074F}.Release|Any CPU.Build.0 = Release|Any CPU
		{32CE4218-663C-4E5D-A429-7CF0FAE98B67}.Debug|Any CPU.ActiveCfg = Debug|Any CPU
		{32CE4218-663C-4E5D-A429-7CF0FAE98B67}.Debug|Any CPU.Build.0 = Debug|Any CPU
		{32CE4218-663C-4E5D-A429-7CF0FAE98B67}.Release|Any CPU.ActiveCfg = Release|Any CPU
		{32CE4218-663C-4E5D-A429-7CF0FAE98B67}.Release|Any CPU.Build.0 = Release|Any CPU
	EndGlobalSection
	GlobalSection(SolutionProperties) = preSolution
		HideSolutionNode = FALSE
	EndGlobalSection
	GlobalSection(ExtensibilityGlobals) = postSolution
		SolutionGuid = {955B4DA2-2391-439F-9932-BDC27FD64A56}
	EndGlobalSection
EndGlobal
