
Microsoft Visual Studio Solution File, Format Version 12.00
# Visual Studio Version 17
VisualStudioVersion = 17.0.31912.275
MinimumVisualStudioVersion = 10.0.40219.1
Project("{9A19103F-16F7-4668-BE54-9A1E7A4F7556}") = "Puzzle1", "Puzzle1\Puzzle1.csproj", "{918EF79C-A658-4403-8E03-2558144B3B65}"
EndProject
Project("{FAE04EC0-301F-11D3-BF4B-00C04F79EFBC}") = "Puzzle2", "Puzzle2\Puzzle2.csproj", "{767B7165-B60D-4E24-8688-5013EDECD764}"
EndProject
Global
	GlobalSection(SolutionConfigurationPlatforms) = preSolution
		Debug|Any CPU = Debug|Any CPU
		Release|Any CPU = Release|Any CPU
	EndGlobalSection
	GlobalSection(ProjectConfigurationPlatforms) = postSolution
		{918EF79C-A658-4403-8E03-2558144B3B65}.Debug|Any CPU.ActiveCfg = Debug|Any CPU
		{918EF79C-A658-4403-8E03-2558144B3B65}.Debug|Any CPU.Build.0 = Debug|Any CPU
		{918EF79C-A658-4403-8E03-2558144B3B65}.Release|Any CPU.ActiveCfg = Release|Any CPU
		{918EF79C-A658-4403-8E03-2558144B3B65}.Release|Any CPU.Build.0 = Release|Any CPU
		{767B7165-B60D-4E24-8688-5013EDECD764}.Debug|Any CPU.ActiveCfg = Debug|Any CPU
		{767B7165-B60D-4E24-8688-5013EDECD764}.Debug|Any CPU.Build.0 = Debug|Any CPU
		{767B7165-B60D-4E24-8688-5013EDECD764}.Release|Any CPU.ActiveCfg = Release|Any CPU
		{767B7165-B60D-4E24-8688-5013EDECD764}.Release|Any CPU.Build.0 = Release|Any CPU
	EndGlobalSection
	GlobalSection(SolutionProperties) = preSolution
		HideSolutionNode = FALSE
	EndGlobalSection
	GlobalSection(ExtensibilityGlobals) = postSolution
		SolutionGuid = {955B4DA2-2391-439F-9932-BDC27FD64A56}
	EndGlobalSection
EndGlobal
